
Microsoft Visual Studio Solution File, Format Version 12.00
# Visual Studio 15
VisualStudioVersion = 15.0.28307.102
MinimumVisualStudioVersion = 10.0.40219.1
Project("{FAE04EC0-301F-11D3-BF4B-00C04F79EFBC}") = "TestEF.Android", "TestEF\TestEF.Android\TestEF.Android.csproj", "{99B739DB-478B-429E-A85D-FD1A114F29F9}"
EndProject
Project("{FAE04EC0-301F-11D3-BF4B-00C04F79EFBC}") = "TestEF.iOS", "TestEF\TestEF.iOS\TestEF.iOS.csproj", "{FCD98FB0-B649-415E-9FEC-E9261FADE412}"
EndProject
Project("{FAE04EC0-301F-11D3-BF4B-00C04F79EFBC}") = "TestEF", "TestEF\TestEF\TestEF.csproj", "{BC67EC89-040F-4A80-81C7-6FAFD12FFEF0}"
EndProject
Global
	GlobalSection(SolutionConfigurationPlatforms) = preSolution
		Ad-Hoc|Any CPU = Ad-Hoc|Any CPU
		Ad-Hoc|iPhone = Ad-Hoc|iPhone
		Ad-Hoc|iPhoneSimulator = Ad-Hoc|iPhoneSimulator
		AppStore|Any CPU = AppStore|Any CPU
		AppStore|iPhone = AppStore|iPhone
		AppStore|iPhoneSimulator = AppStore|iPhoneSimulator
		Debug|Any CPU = Debug|Any CPU
		Debug|iPhone = Debug|iPhone
		Debug|iPhoneSimulator = Debug|iPhoneSimulator
		Release|Any CPU = Release|Any CPU
		Release|iPhone = Release|iPhone
		Release|iPhoneSimulator = Release|iPhoneSimulator
	EndGlobalSection
	GlobalSection(ProjectConfigurationPlatforms) = postSolution
		{99B739DB-478B-429E-A85D-FD1A114F29F9}.Ad-Hoc|Any CPU.ActiveCfg = Release|Any CPU
		{99B739DB-478B-429E-A85D-FD1A114F29F9}.Ad-Hoc|Any CPU.Build.0 = Release|Any CPU
		{99B739DB-478B-429E-A85D-FD1A114F29F9}.Ad-Hoc|Any CPU.Deploy.0 = Release|Any CPU
		{99B739DB-478B-429E-A85D-FD1A114F29F9}.Ad-Hoc|iPhone.ActiveCfg = Release|Any CPU
		{99B739DB-478B-429E-A85D-FD1A114F29F9}.Ad-Hoc|iPhone.Build.0 = Release|Any CPU
		{99B739DB-478B-429E-A85D-FD1A114F29F9}.Ad-Hoc|iPhone.Deploy.0 = Release|Any CPU
		{99B739DB-478B-429E-A85D-FD1A114F29F9}.Ad-Hoc|iPhoneSimulator.ActiveCfg = Release|Any CPU
		{99B739DB-478B-429E-A85D-FD1A114F29F9}.Ad-Hoc|iPhoneSimulator.Build.0 = Release|Any CPU
		{99B739DB-478B-429E-A85D-FD1A114F29F9}.Ad-Hoc|iPhoneSimulator.Deploy.0 = Release|Any CPU
		{99B739DB-478B-429E-A85D-FD1A114F29F9}.AppStore|Any CPU.ActiveCfg = Release|Any CPU
		{99B739DB-478B-429E-A85D-FD1A114F29F9}.AppStore|Any CPU.Build.0 = Release|Any CPU
		{99B739DB-478B-429E-A85D-FD1A114F29F9}.AppStore|Any CPU.Deploy.0 = Release|Any CPU
		{99B739DB-478B-429E-A85D-FD1A114F29F9}.AppStore|iPhone.ActiveCfg = Release|Any CPU
		{99B739DB-478B-429E-A85D-FD1A114F29F9}.AppStore|iPhone.Build.0 = Release|Any CPU
		{99B739DB-478B-429E-A85D-FD1A114F29F9}.AppStore|iPhone.Deploy.0 = Release|Any CPU
		{99B739DB-478B-429E-A85D-FD1A114F29F9}.AppStore|iPhoneSimulator.ActiveCfg = Release|Any CPU
		{99B739DB-478B-429E-A85D-FD1A114F29F9}.AppStore|iPhoneSimulator.Build.0 = Release|Any CPU
		{99B739DB-478B-429E-A85D-FD1A114F29F9}.AppStore|iPhoneSimulator.Deploy.0 = Release|Any CPU
		{99B739DB-478B-429E-A85D-FD1A114F29F9}.Debug|Any CPU.ActiveCfg = Debug|Any CPU
		{99B739DB-478B-429E-A85D-FD1A114F29F9}.Debug|Any CPU.Build.0 = Debug|Any CPU
		{99B739DB-478B-429E-A85D-FD1A114F29F9}.Debug|Any CPU.Deploy.0 = Debug|Any CPU
		{99B739DB-478B-429E-A85D-FD1A114F29F9}.Debug|iPhone.ActiveCfg = Debug|Any CPU
		{99B739DB-478B-429E-A85D-FD1A114F29F9}.Debug|iPhone.Build.0 = Debug|Any CPU
		{99B739DB-478B-429E-A85D-FD1A114F29F9}.Debug|iPhone.Deploy.0 = Debug|Any CPU
		{99B739DB-478B-429E-A85D-FD1A114F29F9}.Debug|iPhoneSimulator.ActiveCfg = Debug|Any CPU
		{99B739DB-478B-429E-A85D-FD1A114F29F9}.Debug|iPhoneSimulator.Build.0 = Debug|Any CPU
		{99B739DB-478B-429E-A85D-FD1A114F29F9}.Debug|iPhoneSimulator.Deploy.0 = Debug|Any CPU
		{99B739DB-478B-429E-A85D-FD1A114F29F9}.Release|Any CPU.ActiveCfg = Release|Any CPU
		{99B739DB-478B-429E-A85D-FD1A114F29F9}.Release|Any CPU.Build.0 = Release|Any CPU
		{99B739DB-478B-429E-A85D-FD1A114F29F9}.Release|Any CPU.Deploy.0 = Release|Any CPU
		{99B739DB-478B-429E-A85D-FD1A114F29F9}.Release|iPhone.ActiveCfg = Release|Any CPU
		{99B739DB-478B-429E-A85D-FD1A114F29F9}.Release|iPhone.Build.0 = Release|Any CPU
		{99B739DB-478B-429E-A85D-FD1A114F29F9}.Release|iPhone.Deploy.0 = Release|Any CPU
		{99B739DB-478B-429E-A85D-FD1A114F29F9}.Release|iPhoneSimulator.ActiveCfg = Release|Any CPU
		{99B739DB-478B-429E-A85D-FD1A114F29F9}.Release|iPhoneSimulator.Build.0 = Release|Any CPU
		{99B739DB-478B-429E-A85D-FD1A114F29F9}.Release|iPhoneSimulator.Deploy.0 = Release|Any CPU
		{FCD98FB0-B649-415E-9FEC-E9261FADE412}.Ad-Hoc|Any CPU.ActiveCfg = Ad-Hoc|iPhone
		{FCD98FB0-B649-415E-9FEC-E9261FADE412}.Ad-Hoc|Any CPU.Build.0 = Ad-Hoc|iPhone
		{FCD98FB0-B649-415E-9FEC-E9261FADE412}.Ad-Hoc|Any CPU.Deploy.0 = Ad-Hoc|iPhone
		{FCD98FB0-B649-415E-9FEC-E9261FADE412}.Ad-Hoc|iPhone.ActiveCfg = Ad-Hoc|iPhone
		{FCD98FB0-B649-415E-9FEC-E9261FADE412}.Ad-Hoc|iPhone.Build.0 = Ad-Hoc|iPhone
		{FCD98FB0-B649-415E-9FEC-E9261FADE412}.Ad-Hoc|iPhone.Deploy.0 = Ad-Hoc|iPhone
		{FCD98FB0-B649-415E-9FEC-E9261FADE412}.Ad-Hoc|iPhoneSimulator.ActiveCfg = Ad-Hoc|iPhoneSimulator
		{FCD98FB0-B649-415E-9FEC-E9261FADE412}.Ad-Hoc|iPhoneSimulator.Build.0 = Ad-Hoc|iPhoneSimulator
		{FCD98FB0-B649-415E-9FEC-E9261FADE412}.Ad-Hoc|iPhoneSimulator.Deploy.0 = Ad-Hoc|iPhoneSimulator
		{FCD98FB0-B649-415E-9FEC-E9261FADE412}.AppStore|Any CPU.ActiveCfg = AppStore|iPhone
		{FCD98FB0-B649-415E-9FEC-E9261FADE412}.AppStore|Any CPU.Build.0 = AppStore|iPhone
		{FCD98FB0-B649-415E-9FEC-E9261FADE412}.AppStore|Any CPU.Deploy.0 = AppStore|iPhone
		{FCD98FB0-B649-415E-9FEC-E9261FADE412}.AppStore|iPhone.ActiveCfg = AppStore|iPhone
		{FCD98FB0-B649-415E-9FEC-E9261FADE412}.AppStore|iPhone.Build.0 = AppStore|iPhone
		{FCD98FB0-B649-415E-9FEC-E9261FADE412}.AppStore|iPhone.Deploy.0 = AppStore|iPhone
		{FCD98FB0-B649-415E-9FEC-E9261FADE412}.AppStore|iPhoneSimulator.ActiveCfg = AppStore|iPhoneSimulator
		{FCD98FB0-B649-415E-9FEC-E9261FADE412}.AppStore|iPhoneSimulator.Build.0 = AppStore|iPhoneSimulator
		{FCD98FB0-B649-415E-9FEC-E9261FADE412}.AppStore|iPhoneSimulator.Deploy.0 = AppStore|iPhoneSimulator
		{FCD98FB0-B649-415E-9FEC-E9261FADE412}.Debug|Any CPU.ActiveCfg = Debug|iPhoneSimulator
		{FCD98FB0-B649-415E-9FEC-E9261FADE412}.Debug|Any CPU.Build.0 = Debug|iPhoneSimulator
		{FCD98FB0-B649-415E-9FEC-E9261FADE412}.Debug|Any CPU.Deploy.0 = Debug|iPhoneSimulator
		{FCD98FB0-B649-415E-9FEC-E9261FADE412}.Debug|iPhone.ActiveCfg = Debug|iPhone
		{FCD98FB0-B649-415E-9FEC-E9261FADE412}.Debug|iPhone.Build.0 = Debug|iPhone
		{FCD98FB0-B649-415E-9FEC-E9261FADE412}.Debug|iPhone.Deploy.0 = Debug|iPhone
		{FCD98FB0-B649-415E-9FEC-E9261FADE412}.Debug|iPhoneSimulator.ActiveCfg = Debug|iPhoneSimulator
		{FCD98FB0-B649-415E-9FEC-E9261FADE412}.Debug|iPhoneSimulator.Build.0 = Debug|iPhoneSimulator
		{FCD98FB0-B649-415E-9FEC-E9261FADE412}.Debug|iPhoneSimulator.Deploy.0 = Debug|iPhoneSimulator
		{FCD98FB0-B649-415E-9FEC-E9261FADE412}.Release|Any CPU.ActiveCfg = Release|iPhone
		{FCD98FB0-B649-415E-9FEC-E9261FADE412}.Release|Any CPU.Build.0 = Release|iPhone
		{FCD98FB0-B649-415E-9FEC-E9261FADE412}.Release|Any CPU.Deploy.0 = Release|iPhone
		{FCD98FB0-B649-415E-9FEC-E9261FADE412}.Release|iPhone.ActiveCfg = Release|iPhone
		{FCD98FB0-B649-415E-9FEC-E9261FADE412}.Release|iPhone.Build.0 = Release|iPhone
		{FCD98FB0-B649-415E-9FEC-E9261FADE412}.Release|iPhone.Deploy.0 = Release|iPhone
		{FCD98FB0-B649-415E-9FEC-E9261FADE412}.Release|iPhoneSimulator.ActiveCfg = Release|iPhoneSimulator
		{FCD98FB0-B649-415E-9FEC-E9261FADE412}.Release|iPhoneSimulator.Build.0 = Release|iPhoneSimulator
		{FCD98FB0-B649-415E-9FEC-E9261FADE412}.Release|iPhoneSimulator.Deploy.0 = Release|iPhoneSimulator
		{BC67EC89-040F-4A80-81C7-6FAFD12FFEF0}.Ad-Hoc|Any CPU.ActiveCfg = Debug|Any CPU
		{BC67EC89-040F-4A80-81C7-6FAFD12FFEF0}.Ad-Hoc|Any CPU.Build.0 = Debug|Any CPU
		{BC67EC89-040F-4A80-81C7-6FAFD12FFEF0}.Ad-Hoc|Any CPU.Deploy.0 = Debug|Any CPU
		{BC67EC89-040F-4A80-81C7-6FAFD12FFEF0}.Ad-Hoc|iPhone.ActiveCfg = Debug|Any CPU
		{BC67EC89-040F-4A80-81C7-6FAFD12FFEF0}.Ad-Hoc|iPhone.Build.0 = Debug|Any CPU
		{BC67EC89-040F-4A80-81C7-6FAFD12FFEF0}.Ad-Hoc|iPhone.Deploy.0 = Debug|Any CPU
		{BC67EC89-040F-4A80-81C7-6FAFD12FFEF0}.Ad-Hoc|iPhoneSimulator.ActiveCfg = Debug|Any CPU
		{BC67EC89-040F-4A80-81C7-6FAFD12FFEF0}.Ad-Hoc|iPhoneSimulator.Build.0 = Debug|Any CPU
		{BC67EC89-040F-4A80-81C7-6FAFD12FFEF0}.Ad-Hoc|iPhoneSimulator.Deploy.0 = Debug|Any CPU
		{BC67EC89-040F-4A80-81C7-6FAFD12FFEF0}.AppStore|Any CPU.ActiveCfg = Debug|Any CPU
		{BC67EC89-040F-4A80-81C7-6FAFD12FFEF0}.AppStore|Any CPU.Build.0 = Debug|Any CPU
		{BC67EC89-040F-4A80-81C7-6FAFD12FFEF0}.AppStore|Any CPU.Deploy.0 = Debug|Any CPU
		{BC67EC89-040F-4A80-81C7-6FAFD12FFEF0}.AppStore|iPhone.ActiveCfg = Debug|Any CPU
		{BC67EC89-040F-4A80-81C7-6FAFD12FFEF0}.AppStore|iPhone.Build.0 = Debug|Any CPU
		{BC67EC89-040F-4A80-81C7-6FAFD12FFEF0}.AppStore|iPhone.Deploy.0 = Debug|Any CPU
		{BC67EC89-040F-4A80-81C7-6FAFD12FFEF0}.AppStore|iPhoneSimulator.ActiveCfg = Debug|Any CPU
		{BC67EC89-040F-4A80-81C7-6FAFD12FFEF0}.AppStore|iPhoneSimulator.Build.0 = Debug|Any CPU
		{BC67EC89-040F-4A80-81C7-6FAFD12FFEF0}.AppStore|iPhoneSimulator.Deploy.0 = Debug|Any CPU
		{BC67EC89-040F-4A80-81C7-6FAFD12FFEF0}.Debug|Any CPU.ActiveCfg = Debug|Any CPU
		{BC67EC89-040F-4A80-81C7-6FAFD12FFEF0}.Debug|Any CPU.Build.0 = Debug|Any CPU
		{BC67EC89-040F-4A80-81C7-6FAFD12FFEF0}.Debug|Any CPU.Deploy.0 = Debug|Any CPU
		{BC67EC89-040F-4A80-81C7-6FAFD12FFEF0}.Debug|iPhone.ActiveCfg = Debug|Any CPU
		{BC67EC89-040F-4A80-81C7-6FAFD12FFEF0}.Debug|iPhone.Build.0 = Debug|Any CPU
		{BC67EC89-040F-4A80-81C7-6FAFD12FFEF0}.Debug|iPhone.Deploy.0 = Debug|Any CPU
		{BC67EC89-040F-4A80-81C7-6FAFD12FFEF0}.Debug|iPhoneSimulator.ActiveCfg = Debug|Any CPU
		{BC67EC89-040F-4A80-81C7-6FAFD12FFEF0}.Debug|iPhoneSimulator.Build.0 = Debug|Any CPU
		{BC67EC89-040F-4A80-81C7-6FAFD12FFEF0}.Debug|iPhoneSimulator.Deploy.0 = Debug|Any CPU
		{BC67EC89-040F-4A80-81C7-6FAFD12FFEF0}.Release|Any CPU.ActiveCfg = Release|Any CPU
		{BC67EC89-040F-4A80-81C7-6FAFD12FFEF0}.Release|Any CPU.Build.0 = Release|Any CPU
		{BC67EC89-040F-4A80-81C7-6FAFD12FFEF0}.Release|Any CPU.Deploy.0 = Release|Any CPU
		{BC67EC89-040F-4A80-81C7-6FAFD12FFEF0}.Release|iPhone.ActiveCfg = Release|Any CPU
		{BC67EC89-040F-4A80-81C7-6FAFD12FFEF0}.Release|iPhone.Build.0 = Release|Any CPU
		{BC67EC89-040F-4A80-81C7-6FAFD12FFEF0}.Release|iPhone.Deploy.0 = Release|Any CPU
		{BC67EC89-040F-4A80-81C7-6FAFD12FFEF0}.Release|iPhoneSimulator.ActiveCfg = Release|Any CPU
		{BC67EC89-040F-4A80-81C7-6FAFD12FFEF0}.Release|iPhoneSimulator.Build.0 = Release|Any CPU
		{BC67EC89-040F-4A80-81C7-6FAFD12FFEF0}.Release|iPhoneSimulator.Deploy.0 = Release|Any CPU
	EndGlobalSection
	GlobalSection(SolutionProperties) = preSolution
		HideSolutionNode = FALSE
	EndGlobalSection
	GlobalSection(ExtensibilityGlobals) = postSolution
		SolutionGuid = {91C1BCDC-D683-43AE-95EA-297D4A065949}
	EndGlobalSection
EndGlobal
